// !$*UTF8*$!
{
	archiveVersion = 1;
	classes = {
	};
	objectVersion = 77;
	objects = {

/* Begin PBXBuildFile section */
		E115B6612FE3259500F98544 /* FirebaseAuth in Frameworks */ = {isa = PBXBuildFile; productRef = E115B6602FE3259500F98544 /* FirebaseAuth */; };
		E115B6632FE3259500F98544 /* FirebaseFirestore in Frameworks */ = {isa = PBXBuildFile; productRef = E115B6622FE3259500F98544 /* FirebaseFirestore */; };
		E115B6652FE3259500F98544 /* FirebaseStorage in Frameworks */ = {isa = PBXBuildFile; productRef = E115B6642FE3259500F98544 /* FirebaseStorage */; };
/* End PBXBuildFile section */

/* Begin PBXContainerItemProxy section */
		E115B6312FE3225000F98544 /* PBXContainerItemProxy */ = {
			isa = PBXContainerItemProxy;
			containerPortal = E115B61B2FE3224E00F98544 /* Project object */;
			proxyType = 1;
			remoteGlobalIDString = E115B6222FE3224E00F98544;
			remoteInfo = Laya;
		};
		E115B63B2FE3225000F98544 /* PBXContainerItemProxy */ = {
			isa = PBXContainerItemProxy;
			containerPortal = E115B61B2FE3224E00F98544 /* Project object */;
			proxyType = 1;
			remoteGlobalIDString = E115B6222FE3224E00F98544;
			remoteInfo = Laya;
		};
/* End PBXContainerItemProxy section */

/* Begin PBXFileReference section */
		E115B6232FE3224E00F98544 /* Laya.app */ = {isa = PBXFileReference; explicitFileType = wrapper.application; includeInIndex = 0; path = Laya.app; sourceTree = BUILT_PRODUCTS_DIR; };
		E115B6302FE3225000F98544 /* LayaTests.xctest */ = {isa = PBXFileReference; explicitFileType = wrapper.cfbundle; includeInIndex = 0; path = LayaTests.xctest; sourceTree = BUILT_PRODUCTS_DIR; };
		E115B63A2FE3225000F98544 /* LayaUITests.xctest */ = {isa = PBXFileReference; explicitFileType = wrapper.cfbundle; includeInIndex = 0; path = LayaUITests.xctest; sourceTree = BUILT_PRODUCTS_DIR; };
/* End PBXFileReference section */

/* Begin PBXFileSystemSynchronizedBuildFileExceptionSet section */
		E115B65D2FE323A700F98544 /* Exceptions for "Laya" folder in "LayaTests" target */ = {
			isa = PBXFileSystemSynchronizedBuildFileExceptionSet;
			membershipExceptions = (
				"GoogleService-Info.plist",
			);
			target = E115B62F2FE3225000F98544 /* LayaTests */;
		};
		E115B65E2FE323A700F98544 /* Exceptions for "Laya" folder in "LayaUITests" target */ = {
			isa = PBXFileSystemSynchronizedBuildFileExceptionSet;
			membershipExceptions = (
				"GoogleService-Info.plist",
			);
			target = E115B6392FE3225000F98544 /* LayaUITests */;
		};
/* End PBXFileSystemSynchronizedBuildFileExceptionSet section */

/* Begin PBXFileSystemSynchronizedRootGroup section */
		E115B6252FE3224E00F98544 /* Laya */ = {
			isa = PBXFileSystemSynchronizedRootGroup;
			exceptions = (
				E115B65D2FE323A700F98544 /* Exceptions for "Laya" folder in "LayaTests" target */,
				E115B65E2FE323A700F98544 /* Exceptions for "Laya" folder in "LayaUITests" target */,
			);
			path = Laya;
			sourceTree = "<group>";
		};
		E115B6332FE3225000F98544 /* LayaTests */ = {
			isa = PBXFileSystemSynchronizedRootGroup;
			path = LayaTests;
			sourceTree = "<group>";
		};
		E115B63D2FE3225000F98544 /* LayaUITests */ = {
			isa = PBXFileSystemSynchronizedRootGroup;
			path = LayaUITests;
			sourceTree = "<group>";
		};
/* End PBXFileSystemSynchronizedRootGroup section */

/* Begin PBXFrameworksBuildPhase section */
		E115B6202FE3224E00F98544 /* Frameworks */ = {
			isa = PBXFrameworksBuildPhase;
			buildActionMask = 2147483647;
			files = (
				E115B6612FE3259500F98544 /* FirebaseAuth in Frameworks */,
				E115B6632FE3259500F98544 /* FirebaseFirestore in Frameworks */,
				E115B6652FE3259500F98544 /* FirebaseStorage in Frameworks */,
			);
			runOnlyForDeploymentPostprocessing = 0;
		};
		E115B62D2FE3225000F98544 /* Frameworks */ = {
			isa = PBXFrameworksBuildPhase;
			buildActionMask = 2147483647;
			files = (
			);
			runOnlyForDeploymentPostprocessing = 0;
		};
		E115B6372FE3225000F98544 /* Frameworks */ = {
			isa = PBXFrameworksBuildPhase;
			buildActionMask = 2147483647;
			files = (
			);
			runOnlyForDeploymentPostprocessing = 0;
		};
/* End PBXFrameworksBuildPhase section */

/* Begin PBXGroup section */
		E115B61A2FE3224E00F98544 = {
			isa = PBXGroup;
			children = (
				E115B6252FE3224E00F98544 /* Laya */,
				E115B6332FE3225000F98544 /* LayaTests */,
				E115B63D2FE3225000F98544 /* LayaUITests */,
				E115B6242FE3224E00F98544 /* Products */,
			);
			sourceTree = "<group>";
		};
		E115B6242FE3224E00F98544 /* Products */ = {
			isa = PBXGroup;
			children = (
				E115B6232FE3224E00F98544 /* Laya.app */,
				E115B6302FE3225000F98544 /* LayaTests.xctest */,
				E115B63A2FE3225000F98544 /* LayaUITests.xctest */,
			);
			name = Products;
			sourceTree = "<group>";
		};
/* End PBXGroup section */

/* Begin PBXNativeTarget section */
		E115B6222FE3224E00F98544 /* Laya */ = {
			isa = PBXNativeTarget;
			buildConfigurationList = E115B6442FE3225000F98544 /* Build configuration list for PBXNativeTarget "Laya" */;
			buildPhases = (
				E115B61F2FE3224E00F98544 /* Sources */,
				E115B6202FE3224E00F98544 /* Frameworks */,
				E115B6212FE3224E00F98544 /* Resources */,
			);
			buildRules = (
			);
			dependencies = (
			);
			fileSystemSynchronizedGroups = (
				E115B6252FE3224E00F98544 /* Laya */,
			);
			name = Laya;
			packageProductDependencies = (
				E115B6602FE3259500F98544 /* FirebaseAuth */,
				E115B6622FE3259500F98544 /* FirebaseFirestore */,
				E115B6642FE3259500F98544 /* FirebaseStorage */,
			);
			productName = Laya;
			productReference = E115B6232FE3224E00F98544 /* Laya.app */;
			productType = "com.apple.product-type.application";
		};
		E115B62F2FE3225000F98544 /* LayaTests */ = {
			isa = PBXNativeTarget;
			buildConfigurationList = E115B6472FE3225000F98544 /* Build configuration list for PBXNativeTarget "LayaTests" */;
			buildPhases = (
				E115B62C2FE3225000F98544 /* Sources */,
				E115B62D2FE3225000F98544 /* Frameworks */,
				E115B62E2FE3225000F98544 /* Resources */,
			);
			buildRules = (
			);
			dependencies = (
				E115B6322FE3225000F98544 /* PBXTargetDependency */,
			);
			fileSystemSynchronizedGroups = (
				E115B6332FE3225000F98544 /* LayaTests */,
			);
			name = LayaTests;
			packageProductDependencies = (
			);
			productName = LayaTests;
			productReference = E115B6302FE3225000F98544 /* LayaTests.xctest */;
			productType = "com.apple.product-type.bundle.unit-test";
		};
		E115B6392FE3225000F98544 /* LayaUITests */ = {
			isa = PBXNativeTarget;
			buildConfigurationList = E115B64A2FE3225000F98544 /* Build configuration list for PBXNativeTarget "LayaUITests" */;
			buildPhases = (
				E115B6362FE3225000F98544 /* Sources */,
				E115B6372FE3225000F98544 /* Frameworks */,
				E115B6382FE3225000F98544 /* Resources */,
			);
			buildRules = (
			);
			dependencies = (
				E115B63C2FE3225000F98544 /* PBXTargetDependency */,
			);
			fileSystemSynchronizedGroups = (
				E115B63D2FE3225000F98544 /* LayaUITests */,
			);
			name = LayaUITests;
			packageProductDependencies = (
			);
			productName = LayaUITests;
			productReference = E115B63A2FE3225000F98544 /* LayaUITests.xctest */;
			productType = "com.apple.product-type.bundle.ui-testing";
		};
/* End PBXNativeTarget section */

/* Begin PBXProject section */
		E115B61B2FE3224E00F98544 /* Project object */ = {
			isa = PBXProject;
			attributes = {
				BuildIndependentTargetsInParallel = 1;
				LastSwiftUpdateCheck = 2650;
				LastUpgradeCheck = 2650;
				TargetAttributes = {
					E115B6222FE3224E00F98544 = {
						CreatedOnToolsVersion = 26.5;
					};
					E115B62F2FE3225000F98544 = {
						CreatedOnToolsVersion = 26.5;
						TestTargetID = E115B6222FE3224E00F98544;
					};
					E115B6392FE3225000F98544 = {
						CreatedOnToolsVersion = 26.5;
						TestTargetID = E115B6222FE3224E00F98544;
					};
				};
			};
			buildConfigurationList = E115B61E2FE3224E00F98544 /* Build configuration list for PBXProject "Laya" */;
			developmentRegion = en;
			hasScannedForEncodings = 0;
			knownRegions = (
				en,
				Base,
			);
			mainGroup = E115B61A2FE3224E00F98544;
			minimizedProjectReferenceProxies = 1;
			packageReferences = (
				E115B65F2FE3259500F98544 /* XCRemoteSwiftPackageReference "firebase-ios-sdk" */,
			);
			preferredProjectObjectVersion = 77;
			productRefGroup = E115B6242FE3224E00F98544 /* Products */;
			projectDirPath = "";
			projectRoot = "";
			targets = (
				E115B6222FE3224E00F98544 /* Laya */,
				E115B62F2FE3225000F98544 /* LayaTests */,
				E115B6392FE3225000F98544 /* LayaUITests */,
			);
		};
/* End PBXProject section */

/* Begin PBXResourcesBuildPhase section */
		E115B6212FE3224E00F98544 /* Resources */ = {
			isa = PBXResourcesBuildPhase;
			buildActionMask = 2147483647;
			files = (
			);
			runOnlyForDeploymentPostprocessing = 0;
		};
		E115B62E2FE3225000F98544 /* Resources */ = {
			isa = PBXResourcesBuildPhase;
			buildActionMask = 2147483647;
			files = (
			);
			runOnlyForDeploymentPostprocessing = 0;
		};
		E115B6382FE3225000F98544 /* Resources */ = {
			isa = PBXResourcesBuildPhase;
			buildActionMask = 2147483647;
			files = (
			);
			runOnlyForDeploymentPostprocessing = 0;
		};
/* End PBXResourcesBuildPhase section */

/* Begin PBXSourcesBuildPhase section */
		E115B61F2FE3224E00F98544 /* Sources */ = {
			isa = PBXSourcesBuildPhase;
			buildActionMask = 2147483647;
			files = (
			);
			runOnlyForDeploymentPostprocessing = 0;
		};
		E115B62C2FE3225000F98544 /* Sources */ = {
			isa = PBXSourcesBuildPhase;
			buildActionMask = 2147483647;
			files = (
			);
			runOnlyForDeploymentPostprocessing = 0;
		};
		E115B6362FE3225000F98544 /* Sources */ = {
			isa = PBXSourcesBuildPhase;
			buildActionMask = 2147483647;
			files = (
			);
			runOnlyForDeploymentPostprocessing = 0;
		};
/* End PBXSourcesBuildPhase section */

/* Begin PBXTargetDependency section */
		E115B6322FE3225000F98544 /* PBXTargetDependency */ = {
			isa = PBXTargetDependency;
			target = E115B6222FE3224E00F98544 /* Laya */;
			targetProxy = E115B6312FE3225000F98544 /* PBXContainerItemProxy */;
		};
		E115B63C2FE3225000F98544 /* PBXTargetDependency */ = {
			isa = PBXTargetDependency;
			target = E115B6222FE3224E00F98544 /* Laya */;
			targetProxy = E115B63B2FE3225000F98544 /* PBXContainerItemProxy */;
		};
/* End PBXTargetDependency section */

/* Begin XCBuildConfiguration section */
		E115B6422FE3225000F98544 /* Debug */ = {
			isa = XCBuildConfiguration;
			buildSettings = {
				ALWAYS_SEARCH_USER_PATHS = NO;
				ASSETCATALOG_COMPILER_GENERATE_SWIFT_ASSET_SYMBOL_EXTENSIONS = YES;
				CLANG_ANALYZER_NONNULL = YES;
				CLANG_ANALYZER_NUMBER_OBJECT_CONVERSION = YES_AGGRESSIVE;
				CLANG_CXX_LANGUAGE_STANDARD = "gnu++20";
				CLANG_ENABLE_MODULES = YES;
				CLANG_ENABLE_OBJC_ARC = YES;
				CLANG_ENABLE_OBJC_WEAK = YES;
				CLANG_WARN_BLOCK_CAPTURE_AUTORELEASING = YES;
				CLANG_WARN_BOOL_CONVERSION = YES;
				CLANG_WARN_COMMA = YES;
				CLANG_WARN_CONSTANT_CONVERSION = YES;
				CLANG_WARN_DEPRECATED_OBJC_IMPLEMENTATIONS = YES;
				CLANG_WARN_DIRECT_OBJC_ISA_USAGE = YES_ERROR;
				CLANG_WARN_DOCUMENTATION_COMMENTS = YES;
				CLANG_WARN_EMPTY_BODY = YES;
				CLANG_WARN_ENUM_CONVERSION = YES;
				CLANG_WARN_INFINITE_RECURSION = YES;
				CLANG_WARN_INT_CONVERSION = YES;
				CLANG_WARN_NON_LITERAL_NULL_CONVERSION = YES;
				CLANG_WARN_OBJC_IMPLICIT_RETAIN_SELF = YES;
				CLANG_WARN_OBJC_LITERAL_CONVERSION = YES;
				CLANG_WARN_OBJC_ROOT_CLASS = YES_ERROR;
				CLANG_WARN_QUOTED_INCLUDE_IN_FRAMEWORK_HEADER = YES;
				CLANG_WARN_RANGE_LOOP_ANALYSIS = YES;
				CLANG_WARN_STRICT_PROTOTYPES = YES;
				CLANG_WARN_SUSPICIOUS_MOVE = YES;
				CLANG_WARN_UNGUARDED_AVAILABILITY = YES_AGGRESSIVE;
				CLANG_WARN_UNREACHABLE_CODE = YES;
				CLANG_WARN__DUPLICATE_METHOD_MATCH = YES;
				COPY_PHASE_STRIP = NO;
				DEBUG_INFORMATION_FORMAT = dwarf;
				DEVELOPMENT_TEAM = 246RGWZ5HR;
				ENABLE_STRICT_OBJC_MSGSEND = YES;
				ENABLE_TESTABILITY = YES;
				ENABLE_USER_SCRIPT_SANDBOXING = YES;
				GCC_C_LANGUAGE_STANDARD = gnu17;
				GCC_DYNAMIC_NO_PIC = NO;
				GCC_NO_COMMON_BLOCKS = YES;
				GCC_OPTIMIZATION_LEVEL = 0;
				GCC_PREPROCESSOR_DEFINITIONS = (
					"DEBUG=1",
					"$(inherited)",
				);
				GCC_WARN_64_TO_32_BIT_CONVERSION = YES;
				GCC_WARN_ABOUT_RETURN_TYPE = YES_ERROR;
				GCC_WARN_UNDECLARED_SELECTOR = YES;
				GCC_WARN_UNINITIALIZED_AUTOS = YES_AGGRESSIVE;
				GCC_WARN_UNUSED_FUNCTION = YES;
				GCC_WARN_UNUSED_VARIABLE = YES;
				IPHONEOS_DEPLOYMENT_TARGET = 26.5;
				LOCALIZATION_PREFERS_STRING_CATALOGS = YES;
				MTL_ENABLE_DEBUG_INFO = INCLUDE_SOURCE;
				MTL_FAST_MATH = YES;
				ONLY_ACTIVE_ARCH = YES;
				SDKROOT = iphoneos;
				SWIFT_ACTIVE_COMPILATION_CONDITIONS = "DEBUG $(inherited)";
				SWIFT_OPTIMIZATION_LEVEL = "-Onone";
			};
			name = Debug;
		};
		E115B6432FE3225000F98544 /* Release */ = {
			isa = XCBuildConfiguration;
			buildSettings = {
				ALWAYS_SEARCH_USER_PATHS = NO;
				ASSETCATALOG_COMPILER_GENERATE_SWIFT_ASSET_SYMBOL_EXTENSIONS = YES;
				CLANG_ANALYZER_NONNULL = YES;
				CLANG_ANALYZER_NUMBER_OBJECT_CONVERSION = YES_AGGRESSIVE;
				CLANG_CXX_LANGUAGE_STANDARD = "gnu++20";
				CLANG_ENABLE_MODULES = YES;
				CLANG_ENABLE_OBJC_ARC = YES;
				CLANG_ENABLE_OBJC_WEAK = YES;
				CLANG_WARN_BLOCK_CAPTURE_AUTORELEASING = YES;
				CLANG_WARN_BOOL_CONVERSION = YES;
				CLANG_WARN_COMMA = YES;
				CLANG_WARN_CONSTANT_CONVERSION = YES;
				CLANG_WARN_DEPRECATED_OBJC_IMPLEMENTATIONS = YES;
				CLANG_WARN_DIRECT_OBJC_ISA_USAGE = YES_ERROR;
				CLANG_WARN_DOCUMENTATION_COMMENTS = YES;
				CLANG_WARN_EMPTY_BODY = YES;
				CLANG_WARN_ENUM_CONVERSION = YES;
				CLANG_WARN_INFINITE_RECURSION = YES;
				CLANG_WARN_INT_CONVERSION = YES;
				CLANG_WARN_NON_LITERAL_NULL_CONVERSION = YES;
				CLANG_WARN_OBJC_IMPLICIT_RETAIN_SELF = YES;
				CLANG_WARN_OBJC_LITERAL_CONVERSION = YES;
				CLANG_WARN_OBJC_ROOT_CLASS = YES_ERROR;
				CLANG_WARN_QUOTED_INCLUDE_IN_FRAMEWORK_HEADER = YES;
				CLANG_WARN_RANGE_LOOP_ANALYSIS = YES;
				CLANG_WARN_STRICT_PROTOTYPES = YES;
				CLANG_WARN_SUSPICIOUS_MOVE = YES;
				CLANG_WARN_UNGUARDED_AVAILABILITY = YES_AGGRESSIVE;
				CLANG_WARN_UNREACHABLE_CODE = YES;
				CLANG_WARN__DUPLICATE_METHOD_MATCH = YES;
				COPY_PHASE_STRIP = NO;
				DEBUG_INFORMATION_FORMAT = "dwarf-with-dsym";
				DEVELOPMENT_TEAM = 246RGWZ5HR;
				ENABLE_NS_ASSERTIONS = NO;
				ENABLE_STRICT_OBJC_MSGSEND = YES;
				ENABLE_USER_SCRIPT_SANDBOXING = YES;
				GCC_C_LANGUAGE_STANDARD = gnu17;
				GCC_NO_COMMON_BLOCKS = YES;
				GCC_WARN_64_TO_32_BIT_CONVERSION = YES;
				GCC_WARN_ABOUT_RETURN_TYPE = YES_ERROR;
				GCC_WARN_UNDECLARED_SELECTOR = YES;
				GCC_WARN_UNINITIALIZED_AUTOS = YES_AGGRESSIVE;
				GCC_WARN_UNUSED_FUNCTION = YES;
				GCC_WARN_UNUSED_VARIABLE = YES;
				IPHONEOS_DEPLOYMENT_TARGET = 26.5;
				LOCALIZATION_PREFERS_STRING_CATALOGS = YES;
				MTL_ENABLE_DEBUG_INFO = NO;
				MTL_FAST_MATH = YES;
				SDKROOT = iphoneos;
				SWIFT_COMPILATION_MODE = wholemodule;
				VALIDATE_PRODUCT = YES;
			};
			name = Release;
		};
		E115B6452FE3225000F98544 /* Debug */ = {
			isa = XCBuildConfiguration;
			buildSettings = {
				ASSETCATALOG_COMPILER_APPICON_NAME = AppIcon;
				ASSETCATALOG_COMPILER_GLOBAL_ACCENT_COLOR_NAME = AccentColor;
				CODE_SIGN_STYLE = Automatic;
				CURRENT_PROJECT_VERSION = 1;
				DEVELOPMENT_TEAM = 246RGWZ5HR;
				ENABLE_PREVIEWS = YES;
				GENERATE_INFOPLIST_FILE = YES;
				INFOPLIST_KEY_UIApplicationSceneManifest_Generation = YES;
				INFOPLIST_KEY_UIApplicationSupportsIndirectInputEvents = YES;
				INFOPLIST_KEY_UILaunchScreen_Generation = YES;
				INFOPLIST_KEY_UISupportedInterfaceOrientations = UIInterfaceOrientationPortrait;
				INFOPLIST_KEY_UISupportedInterfaceOrientations_iPad = "UIInterfaceOrientationLandscapeLeft UIInterfaceOrientationLandscapeRight UIInterfaceOrientationPortrait UIInterfaceOrientationPortraitUpsideDown";
				IPHONEOS_DEPLOYMENT_TARGET = 26.0;
				LD_RUNPATH_SEARCH_PATHS = (
					"$(inherited)",
					"@executable_path/Frameworks",
				);
				MARKETING_VERSION = 1.0;
				PRODUCT_BUNDLE_IDENTIFIER = com.abhireddy.Laya;
				PRODUCT_NAME = "$(TARGET_NAME)";
				STRING_CATALOG_GENERATE_SYMBOLS = YES;
				SWIFT_APPROACHABLE_CONCURRENCY = YES;
				SWIFT_DEFAULT_ACTOR_ISOLATION = MainActor;
				SWIFT_EMIT_LOC_STRINGS = YES;
				SWIFT_UPCOMING_FEATURE_MEMBER_IMPORT_VISIBILITY = YES;
				SWIFT_VERSION = 5.0;
				TARGETED_DEVICE_FAMILY = "1,2";
			};
			name = Debug;
		};
		E115B6462FE3225000F98544 /* Release */ = {
			isa = XCBuildConfiguration;
			buildSettings = {
				ASSETCATALOG_COMPILER_APPICON_NAME = AppIcon;
				ASSETCATALOG_COMPILER_GLOBAL_ACCENT_COLOR_NAME = AccentColor;
				CODE_SIGN_STYLE = Automatic;
				CURRENT_PROJECT_VERSION = 1;
				DEVELOPMENT_TEAM = 246RGWZ5HR;
				ENABLE_PREVIEWS = YES;
				GENERATE_INFOPLIST_FILE = YES;
				INFOPLIST_KEY_ITSAppUsesNonExemptEncryption = NO;
				INFOPLIST_KEY_UIApplicationSceneManifest_Generation = YES;
				INFOPLIST_KEY_UIApplicationSupportsIndirectInputEvents = YES;
				INFOPLIST_KEY_UILaunchScreen_Generation = YES;
				INFOPLIST_KEY_UISupportedInterfaceOrientations = UIInterfaceOrientationPortrait;
				INFOPLIST_KEY_UISupportedInterfaceOrientations_iPad = "UIInterfaceOrientationLandscapeLeft UIInterfaceOrientationLandscapeRight UIInterfaceOrientationPortrait UIInterfaceOrientationPortraitUpsideDown";
				IPHONEOS_DEPLOYMENT_TARGET = 26.0;
				LD_RUNPATH_SEARCH_PATHS = (
					"$(inherited)",
					"@executable_path/Frameworks",
				);
				MARKETING_VERSION = 1.0;
				PRODUCT_BUNDLE_IDENTIFIER = com.abhireddy.Laya;
				PRODUCT_NAME = "$(TARGET_NAME)";
				STRING_CATALOG_GENERATE_SYMBOLS = YES;
				SWIFT_APPROACHABLE_CONCURRENCY = YES;
				SWIFT_DEFAULT_ACTOR_ISOLATION = MainActor;
				SWIFT_EMIT_LOC_STRINGS = YES;
				SWIFT_UPCOMING_FEATURE_MEMBER_IMPORT_VISIBILITY = YES;
				SWIFT_VERSION = 5.0;
				TARGETED_DEVICE_FAMILY = "1,2";
			};
			name = Release;
		};
		E115B6482FE3225000F98544 /* Debug */ = {
			isa = XCBuildConfiguration;
			buildSettings = {
				BUNDLE_LOADER = "$(TEST_HOST)";
				CODE_SIGN_STYLE = Automatic;
				CURRENT_PROJECT_VERSION = 1;
				DEVELOPMENT_TEAM = 246RGWZ5HR;
				GENERATE_INFOPLIST_FILE = YES;
				IPHONEOS_DEPLOYMENT_TARGET = 26.5;
				MARKETING_VERSION = 1.0;
				PRODUCT_BUNDLE_IDENTIFIER = com.abhireddy.LayaTests;
				PRODUCT_NAME = "$(TARGET_NAME)";
				STRING_CATALOG_GENERATE_SYMBOLS = NO;
				SWIFT_APPROACHABLE_CONCURRENCY = YES;
				SWIFT_EMIT_LOC_STRINGS = NO;
				SWIFT_UPCOMING_FEATURE_MEMBER_IMPORT_VISIBILITY = YES;
				SWIFT_VERSION = 5.0;
				TARGETED_DEVICE_FAMILY = "1,2";
				TEST_HOST = "$(BUILT_PRODUCTS_DIR)/Laya.app/$(BUNDLE_EXECUTABLE_FOLDER_PATH)/Laya";
			};
			name = Debug;
		};
		E115B6492FE3225000F98544 /* Release */ = {
			isa = XCBuildConfiguration;
			buildSettings = {
				BUNDLE_LOADER = "$(TEST_HOST)";
				CODE_SIGN_STYLE = Automatic;
				CURRENT_PROJECT_VERSION = 1;
				DEVELOPMENT_TEAM = 246RGWZ5HR;
				GENERATE_INFOPLIST_FILE = YES;
				IPHONEOS_DEPLOYMENT_TARGET = 26.5;
				MARKETING_VERSION = 1.0;
				PRODUCT_BUNDLE_IDENTIFIER = com.abhireddy.LayaTests;
				PRODUCT_NAME = "$(TARGET_NAME)";
				STRING_CATALOG_GENERATE_SYMBOLS = NO;
				SWIFT_APPROACHABLE_CONCURRENCY = YES;
				SWIFT_EMIT_LOC_STRINGS = NO;
				SWIFT_UPCOMING_FEATURE_MEMBER_IMPORT_VISIBILITY = YES;
				SWIFT_VERSION = 5.0;
				TARGETED_DEVICE_FAMILY = "1,2";
				TEST_HOST = "$(BUILT_PRODUCTS_DIR)/Laya.app/$(BUNDLE_EXECUTABLE_FOLDER_PATH)/Laya";
			};
			name = Release;
		};
		E115B64B2FE3225000F98544 /* Debug */ = {
			isa = XCBuildConfiguration;
			buildSettings = {
				CODE_SIGN_STYLE = Automatic;
				CURRENT_PROJECT_VERSION = 1;
				DEVELOPMENT_TEAM = 246RGWZ5HR;
				GENERATE_INFOPLIST_FILE = YES;
				MARKETING_VERSION = 1.0;
				PRODUCT_BUNDLE_IDENTIFIER = com.abhireddy.LayaUITests;
				PRODUCT_NAME = "$(TARGET_NAME)";
				STRING_CATALOG_GENERATE_SYMBOLS = NO;
				SWIFT_APPROACHABLE_CONCURRENCY = YES;
				SWIFT_EMIT_LOC_STRINGS = NO;
				SWIFT_UPCOMING_FEATURE_MEMBER_IMPORT_VISIBILITY = YES;
				SWIFT_VERSION = 5.0;
				TARGETED_DEVICE_FAMILY = "1,2";
				TEST_TARGET_NAME = Laya;
			};
			name = Debug;
		};
		E115B64C2FE3225000F98544 /* Release */ = {
			isa = XCBuildConfiguration;
			buildSettings = {
				CODE_SIGN_STYLE = Automatic;
				CURRENT_PROJECT_VERSION = 1;
				DEVELOPMENT_TEAM = 246RGWZ5HR;
				GENERATE_INFOPLIST_FILE = YES;
				MARKETING_VERSION = 1.0;
				PRODUCT_BUNDLE_IDENTIFIER = com.abhireddy.LayaUITests;
				PRODUCT_NAME = "$(TARGET_NAME)";
				STRING_CATALOG_GENERATE_SYMBOLS = NO;
				SWIFT_APPROACHABLE_CONCURRENCY = YES;
				SWIFT_EMIT_LOC_STRINGS = NO;
				SWIFT_UPCOMING_FEATURE_MEMBER_IMPORT_VISIBILITY = YES;
				SWIFT_VERSION = 5.0;
				TARGETED_DEVICE_FAMILY = "1,2";
				TEST_TARGET_NAME = Laya;
			};
			name = Release;
		};
/* End XCBuildConfiguration section */

/* Begin XCConfigurationList section */
		E115B61E2FE3224E00F98544 /* Build configuration list for PBXProject "Laya" */ = {
			isa = XCConfigurationList;
			buildConfigurations = (
				E115B6422FE3225000F98544 /* Debug */,
				E115B6432FE3225000F98544 /* Release */,
			);
			defaultConfigurationIsVisible = 0;
			defaultConfigurationName = Release;
		};
		E115B6442FE3225000F98544 /* Build configuration list for PBXNativeTarget "Laya" */ = {
			isa = XCConfigurationList;
			buildConfigurations = (
				E115B6452FE3225000F98544 /* Debug */,
				E115B6462FE3225000F98544 /* Release */,
			);
			defaultConfigurationIsVisible = 0;
			defaultConfigurationName = Release;
		};
		E115B6472FE3225000F98544 /* Build configuration list for PBXNativeTarget "LayaTests" */ = {
			isa = XCConfigurationList;
			buildConfigurations = (
				E115B6482FE3225000F98544 /* Debug */,
				E115B6492FE3225000F98544 /* Release */,
			);
			defaultConfigurationIsVisible = 0;
			defaultConfigurationName = Release;
		};
		E115B64A2FE3225000F98544 /* Build configuration list for PBXNativeTarget "LayaUITests" */ = {
			isa = XCConfigurationList;
			buildConfigurations = (
				E115B64B2FE3225000F98544 /* Debug */,
				E115B64C2FE3225000F98544 /* Release */,
			);
			defaultConfigurationIsVisible = 0;
			defaultConfigurationName = Release;
		};
/* End XCConfigurationList section */

/* Begin XCRemoteSwiftPackageReference section */
		E115B65F2FE3259500F98544 /* XCRemoteSwiftPackageReference "firebase-ios-sdk" */ = {
			isa = XCRemoteSwiftPackageReference;
			repositoryURL = "https://github.com/firebase/firebase-ios-sdk";
			requirement = {
				kind = upToNextMajorVersion;
				minimumVersion = 12.15.0;
			};
		};
/* End XCRemoteSwiftPackageReference section */

/* Begin XCSwiftPackageProductDependency section */
		E115B6602FE3259500F98544 /* FirebaseAuth */ = {
			isa = XCSwiftPackageProductDependency;
			package = E115B65F2FE3259500F98544 /* XCRemoteSwiftPackageReference "firebase-ios-sdk" */;
			productName = FirebaseAuth;
		};
		E115B6622FE3259500F98544 /* FirebaseFirestore */ = {
			isa = XCSwiftPackageProductDependency;
			package = E115B65F2FE3259500F98544 /* XCRemoteSwiftPackageReference "firebase-ios-sdk" */;
			productName = FirebaseFirestore;
		};
		E115B6642FE3259500F98544 /* FirebaseStorage */ = {
			isa = XCSwiftPackageProductDependency;
			package = E115B65F2FE3259500F98544 /* XCRemoteSwiftPackageReference "firebase-ios-sdk" */;
			productName = FirebaseStorage;
		};
/* End XCSwiftPackageProductDependency section */
	};
	rootObject = E115B61B2FE3224E00F98544 /* Project object */;
}
